dependencies:
  espressif/usb_host_cdc_acm:
    component_hash: 72cd608e75ac356dd617239edcb4b9a0a63bdce7eae0c64c7715db5108bce578
    dependencies:
    - name: idf
      require: private
      version: '>=4.4'
    source:
      registry_url: https://components.espressif.com/
      type: service
    version: 2.1.0
  idf:
    source:
      type: idf
    version: 5.5.0
direct_dependencies:
- espressif/usb_host_cdc_acm
manifest_hash: 524e2c250e8d9807cd2998a83be15e29cd67391f97ffe7fa5b03ed5b13960052
target: esp32s3
version: 2.0.0
